// !$*UTF8*$!
{
	archiveVersion = 1;
	classes = {
	};
	objectVersion = 48;
	objects = {

/* Begin PBXBuildFile section */
		42C0F6617C948D8FCD4A0A63 /* Pods_WalkLiveUITests.framework in Frameworks */ = {isa = PBXBuildFile; fileRef = F6210114C1D3EF49DD204E57 /* Pods_WalkLiveUITests.framework */; };
		8C56F6811FD795D600D1017F /* BackendError.swift in Sources */ = {isa = PBXBuildFile; fileRef = 8C56F6801FD795D600D1017F /* BackendError.swift */; };
		8C7637011FDC88DD00276DEE /* SettingsVC.swift in Sources */ = {isa = PBXBuildFile; fileRef = 8C7637001FDC88DD00276DEE /* SettingsVC.swift */; };
		8CB2D94C1FD87D3100E659FD /* UserLogin.swift in Sources */ = {isa = PBXBuildFile; fileRef = 8CB2D94B1FD87D3100E659FD /* UserLogin.swift */; };
		8CC299121FDA244900C9F2A5 /* MessageVC.swift in Sources */ = {isa = PBXBuildFile; fileRef = 8CC299111FDA244900C9F2A5 /* MessageVC.swift */; };
		8CC299141FDA273C00C9F2A5 /* Message.swift in Sources */ = {isa = PBXBuildFile; fileRef = 8CC299131FDA273C00C9F2A5 /* Message.swift */; };
		9015A2AF1FDCB88D0080B4D3 /* AddFriendView.swift in Sources */ = {isa = PBXBuildFile; fileRef = 9015A2AE1FDCB88D0080B4D3 /* AddFriendView.swift */; };
		9015A2B11FDCC35A0080B4D3 /* WarningSignView.swift in Sources */ = {isa = PBXBuildFile; fileRef = 9015A2B01FDCC35A0080B4D3 /* WarningSignView.swift */; };
		9015A2B31FDCE4140080B4D3 /* FriendTrackVC.swift in Sources */ = {isa = PBXBuildFile; fileRef = 9015A2B21FDCE4140080B4D3 /* FriendTrackVC.swift */; };
		9015A2B51FDDBEB00080B4D3 /* FriendTrackTableViewCell.swift in Sources */ = {isa = PBXBuildFile; fileRef = 9015A2B41FDDBEB00080B4D3 /* FriendTrackTableViewCell.swift */; };
		9015A2B91FDDC7860080B4D3 /* SetFriendVC.swift in Sources */ = {isa = PBXBuildFile; fileRef = 9015A2B81FDDC7860080B4D3 /* SetFriendVC.swift */; };
		9015A2BB1FDDC9CD0080B4D3 /* Friend.swift in Sources */ = {isa = PBXBuildFile; fileRef = 9015A2BA1FDDC9CC0080B4D3 /* Friend.swift */; };
		9015A2BD1FDDCC7D0080B4D3 /* SetFriendTableViewCell.swift in Sources */ = {isa = PBXBuildFile; fileRef = 9015A2BC1FDDCC7D0080B4D3 /* SetFriendTableViewCell.swift */; };
		9015A2BF1FDDD11C0080B4D3 /* StringBuilder.swift in Sources */ = {isa = PBXBuildFile; fileRef = 9015A2BE1FDDD11C0080B4D3 /* StringBuilder.swift */; };
		901C95E71FDA278F0067A346 /* AddFriendView.xib in Resources */ = {isa = PBXBuildFile; fileRef = 901C95E61FDA278F0067A346 /* AddFriendView.xib */; };
		904B04C41FD688D700EEB523 /* AppDelegate.swift in Sources */ = {isa = PBXBuildFile; fileRef = 904B04C31FD688D700EEB523 /* AppDelegate.swift */; };
		904B04C91FD688D700EEB523 /* Main.storyboard in Resources */ = {isa = PBXBuildFile; fileRef = 904B04C71FD688D700EEB523 /* Main.storyboard */; };
		904B04CB1FD688D700EEB523 /* Assets.xcassets in Resources */ = {isa = PBXBuildFile; fileRef = 904B04CA1FD688D700EEB523 /* Assets.xcassets */; };
		904B04CE1FD688D700EEB523 /* LaunchScreen.storyboard in Resources */ = {isa = PBXBuildFile; fileRef = 904B04CC1FD688D700EEB523 /* LaunchScreen.storyboard */; };
		904B04D91FD688D700EEB523 /* WalkLiveTests.swift in Sources */ = {isa = PBXBuildFile; fileRef = 904B04D81FD688D700EEB523 /* WalkLiveTests.swift */; };
		904B04E41FD688D700EEB523 /* WalkLiveUITests.swift in Sources */ = {isa = PBXBuildFile; fileRef = 904B04E31FD688D700EEB523 /* WalkLiveUITests.swift */; };
		904B05011FD689A300EEB523 /* BackEndClient.swift in Sources */ = {isa = PBXBuildFile; fileRef = 904B04F61FD689A300EEB523 /* BackEndClient.swift */; };
		904B05021FD689A300EEB523 /* ContactManager.swift in Sources */ = {isa = PBXBuildFile; fileRef = 904B04F71FD689A300EEB523 /* ContactManager.swift */; };
		904B05031FD689A300EEB523 /* Location.swift in Sources */ = {isa = PBXBuildFile; fileRef = 904B04F81FD689A300EEB523 /* Location.swift */; };
		904B05041FD689A300EEB523 /* RoadRequester.swift in Sources */ = {isa = PBXBuildFile; fileRef = 904B04F91FD689A300EEB523 /* RoadRequester.swift */; };
		904B05051FD689A300EEB523 /* Route.swift in Sources */ = {isa = PBXBuildFile; fileRef = 904B04FA1FD689A300EEB523 /* Route.swift */; };
		904B05061FD689A300EEB523 /* TimeManager.swift in Sources */ = {isa = PBXBuildFile; fileRef = 904B04FB1FD689A300EEB523 /* TimeManager.swift */; };
		904B05071FD689A300EEB523 /* TimePoint.swift in Sources */ = {isa = PBXBuildFile; fileRef = 904B04FC1FD689A300EEB523 /* TimePoint.swift */; };
		904B05081FD689A300EEB523 /* Trip.swift in Sources */ = {isa = PBXBuildFile; fileRef = 904B04FD1FD689A300EEB523 /* Trip.swift */; };
		904B05091FD689A300EEB523 /* User.swift in Sources */ = {isa = PBXBuildFile; fileRef = 904B04FE1FD689A300EEB523 /* User.swift */; };
		904B050B1FD689A300EEB523 /* WarningSignView.xib in Resources */ = {isa = PBXBuildFile; fileRef = 904B05001FD689A300EEB523 /* WarningSignView.xib */; };
		904B05181FD689B300EEB523 /* DefaultVC.swift in Sources */ = {isa = PBXBuildFile; fileRef = 904B050D1FD689B300EEB523 /* DefaultVC.swift */; };
		904B05191FD689B300EEB523 /* FirstViewVC.swift in Sources */ = {isa = PBXBuildFile; fileRef = 904B050E1FD689B300EEB523 /* FirstViewVC.swift */; };
		904B051A1FD689B300EEB523 /* FriendRequestVC.swift in Sources */ = {isa = PBXBuildFile; fileRef = 904B050F1FD689B300EEB523 /* FriendRequestVC.swift */; };
		904B051B1FD689B300EEB523 /* LoginVC.swift in Sources */ = {isa = PBXBuildFile; fileRef = 904B05101FD689B300EEB523 /* LoginVC.swift */; };
		904B051C1FD689B300EEB523 /* MainMapVC.swift in Sources */ = {isa = PBXBuildFile; fileRef = 904B05111FD689B300EEB523 /* MainMapVC.swift */; };
		904B051D1FD689B300EEB523 /* SearchVC.swift in Sources */ = {isa = PBXBuildFile; fileRef = 904B05121FD689B300EEB523 /* SearchVC.swift */; };
		904B051F1FD689B300EEB523 /* SignUpVC.swift in Sources */ = {isa = PBXBuildFile; fileRef = 904B05141FD689B300EEB523 /* SignUpVC.swift */; };
		904B05201FD689B300EEB523 /* TripRequestVC.swift in Sources */ = {isa = PBXBuildFile; fileRef = 904B05151FD689B300EEB523 /* TripRequestVC.swift */; };
		904B05211FD689B300EEB523 /* UserVC.swift in Sources */ = {isa = PBXBuildFile; fileRef = 904B05161FD689B300EEB523 /* UserVC.swift */; };
		904B05251FD689BA00EEB523 /* OnGoingTripView.swift in Sources */ = {isa = PBXBuildFile; fileRef = 904B05231FD689BA00EEB523 /* OnGoingTripView.swift */; };
		904B05261FD689BA00EEB523 /* OnGoingTripView.xib in Resources */ = {isa = PBXBuildFile; fileRef = 904B05241FD689BA00EEB523 /* OnGoingTripView.xib */; };
		904B052A1FD689D000EEB523 /* RouteDelegate.swift in Sources */ = {isa = PBXBuildFile; fileRef = 904B05281FD689D000EEB523 /* RouteDelegate.swift */; };
		904B052B1FD689D000EEB523 /* TripPanelDelegate.swift in Sources */ = {isa = PBXBuildFile; fileRef = 904B05291FD689D000EEB523 /* TripPanelDelegate.swift */; };
		904B052F1FD689F500EEB523 /* NSObject+test.m in Sources */ = {isa = PBXBuildFile; fileRef = 904B052E1FD689F500EEB523 /* NSObject+test.m */; };
		904B05351FD68D1D00EEB523 /* FriendRequestTableViewCell.swift in Sources */ = {isa = PBXBuildFile; fileRef = 904B05311FD68D1C00EEB523 /* FriendRequestTableViewCell.swift */; };
		904B05361FD68D1D00EEB523 /* FriendTripTableViewCell.swift in Sources */ = {isa = PBXBuildFile; fileRef = 904B05321FD68D1C00EEB523 /* FriendTripTableViewCell.swift */; };
		904B05371FD68D1D00EEB523 /* LocationTableViewCell.swift in Sources */ = {isa = PBXBuildFile; fileRef = 904B05331FD68D1C00EEB523 /* LocationTableViewCell.swift */; };
		904B05381FD68D1D00EEB523 /* TripRequestTableViewCell.swift in Sources */ = {isa = PBXBuildFile; fileRef = 904B05341FD68D1C00EEB523 /* TripRequestTableViewCell.swift */; };
		904B053A1FD68D3400EEB523 /* Service.swift in Sources */ = {isa = PBXBuildFile; fileRef = 904B05391FD68D3400EEB523 /* Service.swift */; };
		904B053C1FD77A5A00EEB523 /* RequestUpdater.swift in Sources */ = {isa = PBXBuildFile; fileRef = 904B053B1FD77A5A00EEB523 /* RequestUpdater.swift */; };
		904B053E1FD77A7B00EEB523 /* FriendRequest.swift in Sources */ = {isa = PBXBuildFile; fileRef = 904B053D1FD77A7B00EEB523 /* FriendRequest.swift */; };
		904B05401FD77A8D00EEB523 /* TripRequest.swift in Sources */ = {isa = PBXBuildFile; fileRef = 904B053F1FD77A8D00EEB523 /* TripRequest.swift */; };
		904B05421FD8916900EEB523 /* EmergencyContact.swift in Sources */ = {isa = PBXBuildFile; fileRef = 904B05411FD8916900EEB523 /* EmergencyContact.swift */; };
		D2528FA348AAC2A6FFFEEC94 /* Pods_WalkLiveTests.framework in Frameworks */ = {isa = PBXBuildFile; fileRef = 1D55D3F1621F9094360A5851 /* Pods_WalkLiveTests.framework */; };
		FE9DB838C7A82F05EE530D5D /* Pods_WalkLive.framework in Frameworks */ = {isa = PBXBuildFile; fileRef = FA4C28FF63A53A082F32C325 /* Pods_WalkLive.framework */; };
/* End PBXBuildFile section */

/* Begin PBXContainerItemProxy section */
		904B04D51FD688D700EEB523 /* PBXContainerItemProxy */ = {
			isa = PBXContainerItemProxy;
			containerPortal = 904B04B81FD688D700EEB523 /* Project object */;
			proxyType = 1;
			remoteGlobalIDString = 904B04BF1FD688D700EEB523;
			remoteInfo = WalkLive;
		};
		904B04E01FD688D700EEB523 /* PBXContainerItemProxy */ = {
			isa = PBXContainerItemProxy;
			containerPortal = 904B04B81FD688D700EEB523 /* Project object */;
			proxyType = 1;
			remoteGlobalIDString = 904B04BF1FD688D700EEB523;
			remoteInfo = WalkLive;
		};
/* End PBXContainerItemProxy section */

/* Begin PBXFileReference section */
		1D55D3F1621F9094360A5851 /* Pods_WalkLiveTests.framework */ = {isa = PBXFileReference; explicitFileType = wrapper.framework; includeInIndex = 0; path = Pods_WalkLiveTests.framework; sourceTree = BUILT_PRODUCTS_DIR; };
		4A467C921A08E9F56C416776 /* Pods-WalkLiveUITests.debug.xcconfig */ = {isa = PBXFileReference; includeInIndex = 1; lastKnownFileType = text.xcconfig; name = "Pods-WalkLiveUITests.debug.xcconfig"; path = "Pods/Target Support Files/Pods-WalkLiveUITests/Pods-WalkLiveUITests.debug.xcconfig"; sourceTree = "<group>"; };
		61026C572F4BCE2D84566271 /* Pods-WalkLive.debug.xcconfig */ = {isa = PBXFileReference; includeInIndex = 1; lastKnownFileType = text.xcconfig; name = "Pods-WalkLive.debug.xcconfig"; path = "Pods/Target Support Files/Pods-WalkLive/Pods-WalkLive.debug.xcconfig"; sourceTree = "<group>"; };
		8C56F6801FD795D600D1017F /* BackendError.swift */ = {isa = PBXFileReference; lastKnownFileType = sourcecode.swift; path = BackendError.swift; sourceTree = "<group>"; };
		8C7637001FDC88DD00276DEE /* SettingsVC.swift */ = {isa = PBXFileReference; lastKnownFileType = sourcecode.swift; path = SettingsVC.swift; sourceTree = "<group>"; };
		8CB2D94B1FD87D3100E659FD /* UserLogin.swift */ = {isa = PBXFileReference; lastKnownFileType = sourcecode.swift; path = UserLogin.swift; sourceTree = "<group>"; };
		8CC299111FDA244900C9F2A5 /* MessageVC.swift */ = {isa = PBXFileReference; lastKnownFileType = sourcecode.swift; path = MessageVC.swift; sourceTree = "<group>"; };
		8CC299131FDA273C00C9F2A5 /* Message.swift */ = {isa = PBXFileReference; lastKnownFileType = sourcecode.swift; path = Message.swift; sourceTree = "<group>"; };
		9015A2AE1FDCB88D0080B4D3 /* AddFriendView.swift */ = {isa = PBXFileReference; lastKnownFileType = sourcecode.swift; path = AddFriendView.swift; sourceTree = "<group>"; };
		9015A2B01FDCC35A0080B4D3 /* WarningSignView.swift */ = {isa = PBXFileReference; lastKnownFileType = sourcecode.swift; path = WarningSignView.swift; sourceTree = "<group>"; };
		9015A2B21FDCE4140080B4D3 /* FriendTrackVC.swift */ = {isa = PBXFileReference; lastKnownFileType = sourcecode.swift; path = FriendTrackVC.swift; sourceTree = "<group>"; };
		9015A2B41FDDBEB00080B4D3 /* FriendTrackTableViewCell.swift */ = {isa = PBXFileReference; lastKnownFileType = sourcecode.swift; path = FriendTrackTableViewCell.swift; sourceTree = "<group>"; };
		9015A2B81FDDC7860080B4D3 /* SetFriendVC.swift */ = {isa = PBXFileReference; lastKnownFileType = sourcecode.swift; path = SetFriendVC.swift; sourceTree = "<group>"; };
		9015A2BA1FDDC9CC0080B4D3 /* Friend.swift */ = {isa = PBXFileReference; lastKnownFileType = sourcecode.swift; path = Friend.swift; sourceTree = "<group>"; };
		9015A2BC1FDDCC7D0080B4D3 /* SetFriendTableViewCell.swift */ = {isa = PBXFileReference; lastKnownFileType = sourcecode.swift; path = SetFriendTableViewCell.swift; sourceTree = "<group>"; };
		9015A2BE1FDDD11C0080B4D3 /* StringBuilder.swift */ = {isa = PBXFileReference; lastKnownFileType = sourcecode.swift; path = StringBuilder.swift; sourceTree = "<group>"; };
		901C95E61FDA278F0067A346 /* AddFriendView.xib */ = {isa = PBXFileReference; lastKnownFileType = file.xib; path = AddFriendView.xib; sourceTree = "<group>"; };
		904B04C01FD688D700EEB523 /* WalkLive.app */ = {isa = PBXFileReference; explicitFileType = wrapper.application; includeInIndex = 0; path = WalkLive.app; sourceTree = BUILT_PRODUCTS_DIR; };
		904B04C31FD688D700EEB523 /* AppDelegate.swift */ = {isa = PBXFileReference; lastKnownFileType = sourcecode.swift; path = AppDelegate.swift; sourceTree = "<group>"; };
		904B04C81FD688D700EEB523 /* Base */ = {isa = PBXFileReference; lastKnownFileType = file.storyboard; name = Base; path = Base.lproj/Main.storyboard; sourceTree = "<group>"; };
		904B04CA1FD688D700EEB523 /* Assets.xcassets */ = {isa = PBXFileReference; lastKnownFileType = folder.assetcatalog; path = Assets.xcassets; sourceTree = "<group>"; };
		904B04CD1FD688D700EEB523 /* Base */ = {isa = PBXFileReference; lastKnownFileType = file.storyboard; name = Base; path = Base.lproj/LaunchScreen.storyboard; sourceTree = "<group>"; };
		904B04CF1FD688D700EEB523 /* Info.plist */ = {isa = PBXFileReference; lastKnownFileType = text.plist.xml; path = Info.plist; sourceTree = "<group>"; };
		904B04D41FD688D700EEB523 /* WalkLiveTests.xctest */ = {isa = PBXFileReference; explicitFileType = wrapper.cfbundle; includeInIndex = 0; path = WalkLiveTests.xctest; sourceTree = BUILT_PRODUCTS_DIR; };
		904B04D81FD688D700EEB523 /* WalkLiveTests.swift */ = {isa = PBXFileReference; lastKnownFileType = sourcecode.swift; path = WalkLiveTests.swift; sourceTree = "<group>"; };
		904B04DA1FD688D700EEB523 /* Info.plist */ = {isa = PBXFileReference; lastKnownFileType = text.plist.xml; path = Info.plist; sourceTree = "<group>"; };
		904B04DF1FD688D700EEB523 /* WalkLiveUITests.xctest */ = {isa = PBXFileReference; explicitFileType = wrapper.cfbundle; includeInIndex = 0; path = WalkLiveUITests.xctest; sourceTree = BUILT_PRODUCTS_DIR; };
		904B04E31FD688D700EEB523 /* WalkLiveUITests.swift */ = {isa = PBXFileReference; lastKnownFileType = sourcecode.swift; path = WalkLiveUITests.swift; sourceTree = "<group>"; };
		904B04E51FD688D700EEB523 /* Info.plist */ = {isa = PBXFileReference; lastKnownFileType = text.plist.xml; path = Info.plist; sourceTree = "<group>"; };
		904B04F61FD689A300EEB523 /* BackEndClient.swift */ = {isa = PBXFileReference; fileEncoding = 4; lastKnownFileType = sourcecode.swift; path = BackEndClient.swift; sourceTree = "<group>"; };
		904B04F71FD689A300EEB523 /* ContactManager.swift */ = {isa = PBXFileReference; fileEncoding = 4; lastKnownFileType = sourcecode.swift; path = ContactManager.swift; sourceTree = "<group>"; };
		904B04F81FD689A300EEB523 /* Location.swift */ = {isa = PBXFileReference; fileEncoding = 4; lastKnownFileType = sourcecode.swift; path = Location.swift; sourceTree = "<group>"; };
		904B04F91FD689A300EEB523 /* RoadRequester.swift */ = {isa = PBXFileReference; fileEncoding = 4; lastKnownFileType = sourcecode.swift; path = RoadRequester.swift; sourceTree = "<group>"; };
		904B04FA1FD689A300EEB523 /* Route.swift */ = {isa = PBXFileReference; fileEncoding = 4; lastKnownFileType = sourcecode.swift; path = Route.swift; sourceTree = "<group>"; };
		904B04FB1FD689A300EEB523 /* TimeManager.swift */ = {isa = PBXFileReference; fileEncoding = 4; lastKnownFileType = sourcecode.swift; path = TimeManager.swift; sourceTree = "<group>"; };
		904B04FC1FD689A300EEB523 /* TimePoint.swift */ = {isa = PBXFileReference; fileEncoding = 4; lastKnownFileType = sourcecode.swift; path = TimePoint.swift; sourceTree = "<group>"; };
		904B04FD1FD689A300EEB523 /* Trip.swift */ = {isa = PBXFileReference; fileEncoding = 4; lastKnownFileType = sourcecode.swift; path = Trip.swift; sourceTree = "<group>"; };
		904B04FE1FD689A300EEB523 /* User.swift */ = {isa = PBXFileReference; fileEncoding = 4; lastKnownFileType = sourcecode.swift; path = User.swift; sourceTree = "<group>"; };
		904B05001FD689A300EEB523 /* WarningSignView.xib */ = {isa = PBXFileReference; fileEncoding = 4; lastKnownFileType = file.xib; path = WarningSignView.xib; sourceTree = "<group>"; };
		904B050D1FD689B300EEB523 /* DefaultVC.swift */ = {isa = PBXFileReference; fileEncoding = 4; lastKnownFileType = sourcecode.swift; path = DefaultVC.swift; sourceTree = "<group>"; };
		904B050E1FD689B300EEB523 /* FirstViewVC.swift */ = {isa = PBXFileReference; fileEncoding = 4; lastKnownFileType = sourcecode.swift; path = FirstViewVC.swift; sourceTree = "<group>"; };
		904B050F1FD689B300EEB523 /* FriendRequestVC.swift */ = {isa = PBXFileReference; fileEncoding = 4; lastKnownFileType = sourcecode.swift; path = FriendRequestVC.swift; sourceTree = "<group>"; };
		904B05101FD689B300EEB523 /* LoginVC.swift */ = {isa = PBXFileReference; fileEncoding = 4; lastKnownFileType = sourcecode.swift; path = LoginVC.swift; sourceTree = "<group>"; };
		904B05111FD689B300EEB523 /* MainMapVC.swift */ = {isa = PBXFileReference; fileEncoding = 4; lastKnownFileType = sourcecode.swift; path = MainMapVC.swift; sourceTree = "<group>"; };
		904B05121FD689B300EEB523 /* SearchVC.swift */ = {isa = PBXFileReference; fileEncoding = 4; lastKnownFileType = sourcecode.swift; path = SearchVC.swift; sourceTree = "<group>"; };
		904B05141FD689B300EEB523 /* SignUpVC.swift */ = {isa = PBXFileReference; fileEncoding = 4; lastKnownFileType = sourcecode.swift; path = SignUpVC.swift; sourceTree = "<group>"; };
		904B05151FD689B300EEB523 /* TripRequestVC.swift */ = {isa = PBXFileReference; fileEncoding = 4; lastKnownFileType = sourcecode.swift; path = TripRequestVC.swift; sourceTree = "<group>"; };
		904B05161FD689B300EEB523 /* UserVC.swift */ = {isa = PBXFileReference; fileEncoding = 4; lastKnownFileType = sourcecode.swift; path = UserVC.swift; sourceTree = "<group>"; };
		904B05171FD689B300EEB523 /* Walklive-Bridging-Header.h */ = {isa = PBXFileReference; fileEncoding = 4; lastKnownFileType = sourcecode.c.h; path = "Walklive-Bridging-Header.h"; sourceTree = "<group>"; };
		904B05231FD689BA00EEB523 /* OnGoingTripView.swift */ = {isa = PBXFileReference; fileEncoding = 4; lastKnownFileType = sourcecode.swift; path = OnGoingTripView.swift; sourceTree = "<group>"; };
		904B05241FD689BA00EEB523 /* OnGoingTripView.xib */ = {isa = PBXFileReference; fileEncoding = 4; lastKnownFileType = file.xib; path = OnGoingTripView.xib; sourceTree = "<group>"; };
		904B05281FD689D000EEB523 /* RouteDelegate.swift */ = {isa = PBXFileReference; fileEncoding = 4; lastKnownFileType = sourcecode.swift; path = RouteDelegate.swift; sourceTree = "<group>"; };
		904B05291FD689D000EEB523 /* TripPanelDelegate.swift */ = {isa = PBXFileReference; fileEncoding = 4; lastKnownFileType = sourcecode.swift; path = TripPanelDelegate.swift; sourceTree = "<group>"; };
		904B052D1FD689F500EEB523 /* NSObject+test.h */ = {isa = PBXFileReference; fileEncoding = 4; lastKnownFileType = sourcecode.c.h; path = "NSObject+test.h"; sourceTree = "<group>"; };
		904B052E1FD689F500EEB523 /* NSObject+test.m */ = {isa = PBXFileReference; fileEncoding = 4; lastKnownFileType = sourcecode.c.objc; path = "NSObject+test.m"; sourceTree = "<group>"; };
		904B05311FD68D1C00EEB523 /* FriendRequestTableViewCell.swift */ = {isa = PBXFileReference; fileEncoding = 4; lastKnownFileType = sourcecode.swift; path = FriendRequestTableViewCell.swift; sourceTree = "<group>"; };
		904B05321FD68D1C00EEB523 /* FriendTripTableViewCell.swift */ = {isa = PBXFileReference; fileEncoding = 4; lastKnownFileType = sourcecode.swift; path = FriendTripTableViewCell.swift; sourceTree = "<group>"; };
		904B05331FD68D1C00EEB523 /* LocationTableViewCell.swift */ = {isa = PBXFileReference; fileEncoding = 4; lastKnownFileType = sourcecode.swift; path = LocationTableViewCell.swift; sourceTree = "<group>"; };
		904B05341FD68D1C00EEB523 /* TripRequestTableViewCell.swift */ = {isa = PBXFileReference; fileEncoding = 4; lastKnownFileType = sourcecode.swift; path = TripRequestTableViewCell.swift; sourceTree = "<group>"; };
		904B05391FD68D3400EEB523 /* Service.swift */ = {isa = PBXFileReference; fileEncoding = 4; lastKnownFileType = sourcecode.swift; path = Service.swift; sourceTree = "<group>"; };
		904B053B1FD77A5A00EEB523 /* RequestUpdater.swift */ = {isa = PBXFileReference; lastKnownFileType = sourcecode.swift; path = RequestUpdater.swift; sourceTree = "<group>"; };
		904B053D1FD77A7B00EEB523 /* FriendRequest.swift */ = {isa = PBXFileReference; lastKnownFileType = sourcecode.swift; path = FriendRequest.swift; sourceTree = "<group>"; };
		904B053F1FD77A8D00EEB523 /* TripRequest.swift */ = {isa = PBXFileReference; lastKnownFileType = sourcecode.swift; path = TripRequest.swift; sourceTree = "<group>"; };
		904B05411FD8916900EEB523 /* EmergencyContact.swift */ = {isa = PBXFileReference; lastKnownFileType = sourcecode.swift; path = EmergencyContact.swift; sourceTree = "<group>"; };
		9127724929693C9E22230147 /* Pods-WalkLiveUITests.release.xcconfig */ = {isa = PBXFileReference; includeInIndex = 1; lastKnownFileType = text.xcconfig; name = "Pods-WalkLiveUITests.release.xcconfig"; path = "Pods/Target Support Files/Pods-WalkLiveUITests/Pods-WalkLiveUITests.release.xcconfig"; sourceTree = "<group>"; };
		C3C7D19D604FC6ACF258E3ED /* Pods-WalkLive.release.xcconfig */ = {isa = PBXFileReference; includeInIndex = 1; lastKnownFileType = text.xcconfig; name = "Pods-WalkLive.release.xcconfig"; path = "Pods/Target Support Files/Pods-WalkLive/Pods-WalkLive.release.xcconfig"; sourceTree = "<group>"; };
		C5D768EC243DDAC103DFBE8B /* Pods-WalkLiveTests.debug.xcconfig */ = {isa = PBXFileReference; includeInIndex = 1; lastKnownFileType = text.xcconfig; name = "Pods-WalkLiveTests.debug.xcconfig"; path = "Pods/Target Support Files/Pods-WalkLiveTests/Pods-WalkLiveTests.debug.xcconfig"; sourceTree = "<group>"; };
		D1266AF0EC7612F7AB7C0271 /* Pods-WalkLiveTests.release.xcconfig */ = {isa = PBXFileReference; includeInIndex = 1; lastKnownFileType = text.xcconfig; name = "Pods-WalkLiveTests.release.xcconfig"; path = "Pods/Target Support Files/Pods-WalkLiveTests/Pods-WalkLiveTests.release.xcconfig"; sourceTree = "<group>"; };
		F6210114C1D3EF49DD204E57 /* Pods_WalkLiveUITests.framework */ = {isa = PBXFileReference; explicitFileType = wrapper.framework; includeInIndex = 0; path = Pods_WalkLiveUITests.framework; sourceTree = BUILT_PRODUCTS_DIR; };
		FA4C28FF63A53A082F32C325 /* Pods_WalkLive.framework */ = {isa = PBXFileReference; explicitFileType = wrapper.framework; includeInIndex = 0; path = Pods_WalkLive.framework; sourceTree = BUILT_PRODUCTS_DIR; };
/* End PBXFileReference section */

/* Begin PBXFrameworksBuildPhase section */
		904B04BD1FD688D700EEB523 /* Frameworks */ = {
			isa = PBXFrameworksBuildPhase;
			buildActionMask = 2147483647;
			files = (
				FE9DB838C7A82F05EE530D5D /* Pods_WalkLive.framework in Frameworks */,
			);
			runOnlyForDeploymentPostprocessing = 0;
		};
		904B04D11FD688D700EEB523 /* Frameworks */ = {
			isa = PBXFrameworksBuildPhase;
			buildActionMask = 2147483647;
			files = (
				D2528FA348AAC2A6FFFEEC94 /* Pods_WalkLiveTests.framework in Frameworks */,
			);
			runOnlyForDeploymentPostprocessing = 0;
		};
		904B04DC1FD688D700EEB523 /* Frameworks */ = {
			isa = PBXFrameworksBuildPhase;
			buildActionMask = 2147483647;
			files = (
				42C0F6617C948D8FCD4A0A63 /* Pods_WalkLiveUITests.framework in Frameworks */,
			);
			runOnlyForDeploymentPostprocessing = 0;
		};
/* End PBXFrameworksBuildPhase section */

/* Begin PBXGroup section */
		73999BABE920E24091B38658 /* Pods */ = {
			isa = PBXGroup;
			children = (
				61026C572F4BCE2D84566271 /* Pods-WalkLive.debug.xcconfig */,
				C3C7D19D604FC6ACF258E3ED /* Pods-WalkLive.release.xcconfig */,
				C5D768EC243DDAC103DFBE8B /* Pods-WalkLiveTests.debug.xcconfig */,
				D1266AF0EC7612F7AB7C0271 /* Pods-WalkLiveTests.release.xcconfig */,
				4A467C921A08E9F56C416776 /* Pods-WalkLiveUITests.debug.xcconfig */,
				9127724929693C9E22230147 /* Pods-WalkLiveUITests.release.xcconfig */,
			);
			name = Pods;
			sourceTree = "<group>";
		};
		8C56F67F1FD795AB00D1017F /* Error */ = {
			isa = PBXGroup;
			children = (
				8C56F6801FD795D600D1017F /* BackendError.swift */,
			);
			path = Error;
			sourceTree = "<group>";
		};
		904B04B71FD688D700EEB523 = {
			isa = PBXGroup;
			children = (
				904B04C21FD688D700EEB523 /* WalkLive */,
				904B04D71FD688D700EEB523 /* WalkLiveTests */,
				904B04E21FD688D700EEB523 /* WalkLiveUITests */,
				904B04C11FD688D700EEB523 /* Products */,
				73999BABE920E24091B38658 /* Pods */,
				A23776061BC8A4301AF5A54D /* Frameworks */,
			);
			sourceTree = "<group>";
		};
		904B04C11FD688D700EEB523 /* Products */ = {
			isa = PBXGroup;
			children = (
				904B04C01FD688D700EEB523 /* WalkLive.app */,
				904B04D41FD688D700EEB523 /* WalkLiveTests.xctest */,
				904B04DF1FD688D700EEB523 /* WalkLiveUITests.xctest */,
			);
			name = Products;
			sourceTree = "<group>";
		};
		904B04C21FD688D700EEB523 /* WalkLive */ = {
			isa = PBXGroup;
			children = (
				8C56F67F1FD795AB00D1017F /* Error */,
				904B05271FD689D000EEB523 /* Delegates */,
				904B05221FD689BA00EEB523 /* Xibs */,
				904B05301FD68D1C00EEB523 /* Cell */,
				904B04F51FD689A300EEB523 /* Model */,
				904B050C1FD689B300EEB523 /* VC */,
				904B04C31FD688D700EEB523 /* AppDelegate.swift */,
				904B04C71FD688D700EEB523 /* Main.storyboard */,
				904B04CA1FD688D700EEB523 /* Assets.xcassets */,
				904B04CC1FD688D700EEB523 /* LaunchScreen.storyboard */,
				904B04CF1FD688D700EEB523 /* Info.plist */,
				904B052D1FD689F500EEB523 /* NSObject+test.h */,
				904B052E1FD689F500EEB523 /* NSObject+test.m */,
				904B05391FD68D3400EEB523 /* Service.swift */,
				904B05171FD689B300EEB523 /* Walklive-Bridging-Header.h */,
			);
			path = WalkLive;
			sourceTree = "<group>";
		};
		904B04D71FD688D700EEB523 /* WalkLiveTests */ = {
			isa = PBXGroup;
			children = (
				904B04D81FD688D700EEB523 /* WalkLiveTests.swift */,
				904B04DA1FD688D700EEB523 /* Info.plist */,
			);
			path = WalkLiveTests;
			sourceTree = "<group>";
		};
		904B04E21FD688D700EEB523 /* WalkLiveUITests */ = {
			isa = PBXGroup;
			children = (
				904B04E31FD688D700EEB523 /* WalkLiveUITests.swift */,
				904B04E51FD688D700EEB523 /* Info.plist */,
			);
			path = WalkLiveUITests;
			sourceTree = "<group>";
		};
		904B04F51FD689A300EEB523 /* Model */ = {
			isa = PBXGroup;
			children = (
				904B04F61FD689A300EEB523 /* BackEndClient.swift */,
				904B04F71FD689A300EEB523 /* ContactManager.swift */,
				904B04F81FD689A300EEB523 /* Location.swift */,
				904B04F91FD689A300EEB523 /* RoadRequester.swift */,
				904B04FA1FD689A300EEB523 /* Route.swift */,
				904B04FB1FD689A300EEB523 /* TimeManager.swift */,
				904B04FC1FD689A300EEB523 /* TimePoint.swift */,
				904B04FD1FD689A300EEB523 /* Trip.swift */,
				904B04FE1FD689A300EEB523 /* User.swift */,
				904B053B1FD77A5A00EEB523 /* RequestUpdater.swift */,
				904B053D1FD77A7B00EEB523 /* FriendRequest.swift */,
				904B053F1FD77A8D00EEB523 /* TripRequest.swift */,
				8CB2D94B1FD87D3100E659FD /* UserLogin.swift */,
				904B05411FD8916900EEB523 /* EmergencyContact.swift */,
				8CC299131FDA273C00C9F2A5 /* Message.swift */,
				9015A2BA1FDDC9CC0080B4D3 /* Friend.swift */,
				9015A2BE1FDDD11C0080B4D3 /* StringBuilder.swift */,
			);
			path = Model;
			sourceTree = "<group>";
		};
		904B050C1FD689B300EEB523 /* VC */ = {
			isa = PBXGroup;
			children = (
				904B050D1FD689B300EEB523 /* DefaultVC.swift */,
				904B050E1FD689B300EEB523 /* FirstViewVC.swift */,
				904B050F1FD689B300EEB523 /* FriendRequestVC.swift */,
				904B05101FD689B300EEB523 /* LoginVC.swift */,
				904B05111FD689B300EEB523 /* MainMapVC.swift */,
				904B05121FD689B300EEB523 /* SearchVC.swift */,
				904B05141FD689B300EEB523 /* SignUpVC.swift */,
				904B05151FD689B300EEB523 /* TripRequestVC.swift */,
				904B05161FD689B300EEB523 /* UserVC.swift */,
				8CC299111FDA244900C9F2A5 /* MessageVC.swift */,
				8C7637001FDC88DD00276DEE /* SettingsVC.swift */,
				9015A2B21FDCE4140080B4D3 /* FriendTrackVC.swift */,
				9015A2B81FDDC7860080B4D3 /* SetFriendVC.swift */,
			);
			path = VC;
			sourceTree = "<group>";
		};
		904B05221FD689BA00EEB523 /* Xibs */ = {
			isa = PBXGroup;
			children = (
				904B05231FD689BA00EEB523 /* OnGoingTripView.swift */,
				904B05241FD689BA00EEB523 /* OnGoingTripView.xib */,
				904B05001FD689A300EEB523 /* WarningSignView.xib */,
				901C95E61FDA278F0067A346 /* AddFriendView.xib */,
				9015A2AE1FDCB88D0080B4D3 /* AddFriendView.swift */,
				9015A2B01FDCC35A0080B4D3 /* WarningSignView.swift */,
			);
			path = Xibs;
			sourceTree = "<group>";
		};
		904B05271FD689D000EEB523 /* Delegates */ = {
			isa = PBXGroup;
			children = (
				904B05281FD689D000EEB523 /* RouteDelegate.swift */,
				904B05291FD689D000EEB523 /* TripPanelDelegate.swift */,
			);
			path = Delegates;
			sourceTree = "<group>";
		};
		904B05301FD68D1C00EEB523 /* Cell */ = {
			isa = PBXGroup;
			children = (
				904B05311FD68D1C00EEB523 /* FriendRequestTableViewCell.swift */,
				904B05321FD68D1C00EEB523 /* FriendTripTableViewCell.swift */,
				904B05331FD68D1C00EEB523 /* LocationTableViewCell.swift */,
				904B05341FD68D1C00EEB523 /* TripRequestTableViewCell.swift */,
				9015A2B41FDDBEB00080B4D3 /* FriendTrackTableViewCell.swift */,
				9015A2BC1FDDCC7D0080B4D3 /* SetFriendTableViewCell.swift */,
			);
			path = Cell;
			sourceTree = "<group>";
		};
		A23776061BC8A4301AF5A54D /* Frameworks */ = {
			isa = PBXGroup;
			children = (
				FA4C28FF63A53A082F32C325 /* Pods_WalkLive.framework */,
				1D55D3F1621F9094360A5851 /* Pods_WalkLiveTests.framework */,
				F6210114C1D3EF49DD204E57 /* Pods_WalkLiveUITests.framework */,
			);
			name = Frameworks;
			sourceTree = "<group>";
		};
/* End PBXGroup section */

/* Begin PBXNativeTarget section */
		904B04BF1FD688D700EEB523 /* WalkLive */ = {
			isa = PBXNativeTarget;
			buildConfigurationList = 904B04E81FD688D700EEB523 /* Build configuration list for PBXNativeTarget "WalkLive" */;
			buildPhases = (
				A29A4D81D0898BADCB571FB4 /* [CP] Check Pods Manifest.lock */,
				904B04BC1FD688D700EEB523 /* Sources */,
				904B04BD1FD688D700EEB523 /* Frameworks */,
				904B04BE1FD688D700EEB523 /* Resources */,
				CC68F5628A5F96C8DFFC2E73 /* [CP] Embed Pods Frameworks */,
				27A76B2E0BAA0B0A1DEF0E8C /* [CP] Copy Pods Resources */,
			);
			buildRules = (
			);
			dependencies = (
			);
			name = WalkLive;
			productName = WalkLive;
			productReference = 904B04C01FD688D700EEB523 /* WalkLive.app */;
			productType = "com.apple.product-type.application";
		};
		904B04D31FD688D700EEB523 /* WalkLiveTests */ = {
			isa = PBXNativeTarget;
			buildConfigurationList = 904B04EB1FD688D700EEB523 /* Build configuration list for PBXNativeTarget "WalkLiveTests" */;
			buildPhases = (
				6ED228AABABCE12FA30E9C81 /* [CP] Check Pods Manifest.lock */,
				904B04D01FD688D700EEB523 /* Sources */,
				904B04D11FD688D700EEB523 /* Frameworks */,
				904B04D21FD688D700EEB523 /* Resources */,
				F95D838F8941ADB767660011 /* [CP] Embed Pods Frameworks */,
				DBDCDA99E2F003653378E3E0 /* [CP] Copy Pods Resources */,
			);
			buildRules = (
			);
			dependencies = (
				904B04D61FD688D700EEB523 /* PBXTargetDependency */,
			);
			name = WalkLiveTests;
			productName = WalkLiveTests;
			productReference = 904B04D41FD688D700EEB523 /* WalkLiveTests.xctest */;
			productType = "com.apple.product-type.bundle.unit-test";
		};
		904B04DE1FD688D700EEB523 /* WalkLiveUITests */ = {
			isa = PBXNativeTarget;
			buildConfigurationList = 904B04EE1FD688D700EEB523 /* Build configuration list for PBXNativeTarget "WalkLiveUITests" */;
			buildPhases = (
				2EEEC69ABED80D9ED2C413A1 /* [CP] Check Pods Manifest.lock */,
				904B04DB1FD688D700EEB523 /* Sources */,
				904B04DC1FD688D700EEB523 /* Frameworks */,
				904B04DD1FD688D700EEB523 /* Resources */,
				919AC52EE5C8DAA9B0EC9D03 /* [CP] Embed Pods Frameworks */,
				C39000B1CB33C99BBE68DBC9 /* [CP] Copy Pods Resources */,
			);
			buildRules = (
			);
			dependencies = (
				904B04E11FD688D700EEB523 /* PBXTargetDependency */,
			);
			name = WalkLiveUITests;
			productName = WalkLiveUITests;
			productReference = 904B04DF1FD688D700EEB523 /* WalkLiveUITests.xctest */;
			productType = "com.apple.product-type.bundle.ui-testing";
		};
/* End PBXNativeTarget section */

/* Begin PBXProject section */
		904B04B81FD688D700EEB523 /* Project object */ = {
			isa = PBXProject;
			attributes = {
				LastSwiftUpdateCheck = 0910;
				LastUpgradeCheck = 0910;
				ORGANIZATIONNAME = "OOSE-TEAM14";
				TargetAttributes = {
					904B04BF1FD688D700EEB523 = {
						CreatedOnToolsVersion = 9.1;
						LastSwiftMigration = 0910;
						ProvisioningStyle = Automatic;
					};
					904B04D31FD688D700EEB523 = {
						CreatedOnToolsVersion = 9.1;
						ProvisioningStyle = Automatic;
						TestTargetID = 904B04BF1FD688D700EEB523;
					};
					904B04DE1FD688D700EEB523 = {
						CreatedOnToolsVersion = 9.1;
						ProvisioningStyle = Automatic;
						TestTargetID = 904B04BF1FD688D700EEB523;
					};
				};
			};
			buildConfigurationList = 904B04BB1FD688D700EEB523 /* Build configuration list for PBXProject "WalkLive" */;
			compatibilityVersion = "Xcode 8.0";
			developmentRegion = en;
			hasScannedForEncodings = 0;
			knownRegions = (
				en,
				Base,
			);
			mainGroup = 904B04B71FD688D700EEB523;
			productRefGroup = 904B04C11FD688D700EEB523 /* Products */;
			projectDirPath = "";
			projectRoot = "";
			targets = (
				904B04BF1FD688D700EEB523 /* WalkLive */,
				904B04D31FD688D700EEB523 /* WalkLiveTests */,
				904B04DE1FD688D700EEB523 /* WalkLiveUITests */,
			);
		};
/* End PBXProject section */

/* Begin PBXResourcesBuildPhase section */
		904B04BE1FD688D700EEB523 /* Resources */ = {
			isa = PBXResourcesBuildPhase;
			buildActionMask = 2147483647;
			files = (
				904B04CE1FD688D700EEB523 /* LaunchScreen.storyboard in Resources */,
				904B04CB1FD688D700EEB523 /* Assets.xcassets in Resources */,
				901C95E71FDA278F0067A346 /* AddFriendView.xib in Resources */,
				904B04C91FD688D700EEB523 /* Main.storyboard in Resources */,
				904B05261FD689BA00EEB523 /* OnGoingTripView.xib in Resources */,
				904B050B1FD689A300EEB523 /* WarningSignView.xib in Resources */,
			);
			runOnlyForDeploymentPostprocessing = 0;
		};
		904B04D21FD688D700EEB523 /* Resources */ = {
			isa = PBXResourcesBuildPhase;
			buildActionMask = 2147483647;
			files = (
			);
			runOnlyForDeploymentPostprocessing = 0;
		};
		904B04DD1FD688D700EEB523 /* Resources */ = {
			isa = PBXResourcesBuildPhase;
			buildActionMask = 2147483647;
			files = (
			);
			runOnlyForDeploymentPostprocessing = 0;
		};
/* End PBXResourcesBuildPhase section */

/* Begin PBXShellScriptBuildPhase section */
		27A76B2E0BAA0B0A1DEF0E8C /* [CP] Copy Pods Resources */ = {
			isa = PBXShellScriptBuildPhase;
			buildActionMask = 2147483647;
			files = (
			);
			inputPaths = (
			);
			name = "[CP] Copy Pods Resources";
			outputPaths = (
			);
			runOnlyForDeploymentPostprocessing = 0;
			shellPath = /bin/sh;
			shellScript = "\"${SRCROOT}/Pods/Target Support Files/Pods-WalkLive/Pods-WalkLive-resources.sh\"\n";
			showEnvVarsInLog = 0;
		};
		2EEEC69ABED80D9ED2C413A1 /* [CP] Check Pods Manifest.lock */ = {
			isa = PBXShellScriptBuildPhase;
			buildActionMask = 2147483647;
			files = (
			);
			inputPaths = (
			);
			name = "[CP] Check Pods Manifest.lock";
			outputPaths = (
			);
			runOnlyForDeploymentPostprocessing = 0;
			shellPath = /bin/sh;
			shellScript = "diff \"${PODS_ROOT}/../Podfile.lock\" \"${PODS_ROOT}/Manifest.lock\" > /dev/null\nif [ $? != 0 ] ; then\n    # print error to STDERR\n    echo \"error: The sandbox is not in sync with the Podfile.lock. Run 'pod install' or update your CocoaPods installation.\" >&2\n    exit 1\nfi\n";
			showEnvVarsInLog = 0;
		};
		6ED228AABABCE12FA30E9C81 /* [CP] Check Pods Manifest.lock */ = {
			isa = PBXShellScriptBuildPhase;
			buildActionMask = 2147483647;
			files = (
			);
			inputPaths = (
			);
			name = "[CP] Check Pods Manifest.lock";
			outputPaths = (
			);
			runOnlyForDeploymentPostprocessing = 0;
			shellPath = /bin/sh;
			shellScript = "diff \"${PODS_ROOT}/../Podfile.lock\" \"${PODS_ROOT}/Manifest.lock\" > /dev/null\nif [ $? != 0 ] ; then\n    # print error to STDERR\n    echo \"error: The sandbox is not in sync with the Podfile.lock. Run 'pod install' or update your CocoaPods installation.\" >&2\n    exit 1\nfi\n";
			showEnvVarsInLog = 0;
		};
		919AC52EE5C8DAA9B0EC9D03 /* [CP] Embed Pods Frameworks */ = {
			isa = PBXShellScriptBuildPhase;
			buildActionMask = 2147483647;
			files = (
			);
			inputPaths = (
			);
			name = "[CP] Embed Pods Frameworks";
			outputPaths = (
			);
			runOnlyForDeploymentPostprocessing = 0;
			shellPath = /bin/sh;
			shellScript = "\"${SRCROOT}/Pods/Target Support Files/Pods-WalkLiveUITests/Pods-WalkLiveUITests-frameworks.sh\"\n";
			showEnvVarsInLog = 0;
		};
		A29A4D81D0898BADCB571FB4 /* [CP] Check Pods Manifest.lock */ = {
			isa = PBXShellScriptBuildPhase;
			buildActionMask = 2147483647;
			files = (
			);
			inputPaths = (
			);
			name = "[CP] Check Pods Manifest.lock";
			outputPaths = (
			);
			runOnlyForDeploymentPostprocessing = 0;
			shellPath = /bin/sh;
			shellScript = "diff \"${PODS_ROOT}/../Podfile.lock\" \"${PODS_ROOT}/Manifest.lock\" > /dev/null\nif [ $? != 0 ] ; then\n    # print error to STDERR\n    echo \"error: The sandbox is not in sync with the Podfile.lock. Run 'pod install' or update your CocoaPods installation.\" >&2\n    exit 1\nfi\n";
			showEnvVarsInLog = 0;
		};
		C39000B1CB33C99BBE68DBC9 /* [CP] Copy Pods Resources */ = {
			isa = PBXShellScriptBuildPhase;
			buildActionMask = 2147483647;
			files = (
			);
			inputPaths = (
			);
			name = "[CP] Copy Pods Resources";
			outputPaths = (
			);
			runOnlyForDeploymentPostprocessing = 0;
			shellPath = /bin/sh;
			shellScript = "\"${SRCROOT}/Pods/Target Support Files/Pods-WalkLiveUITests/Pods-WalkLiveUITests-resources.sh\"\n";
			showEnvVarsInLog = 0;
		};
		CC68F5628A5F96C8DFFC2E73 /* [CP] Embed Pods Frameworks */ = {
			isa = PBXShellScriptBuildPhase;
			buildActionMask = 2147483647;
			files = (
			);
			inputPaths = (
			);
			name = "[CP] Embed Pods Frameworks";
			outputPaths = (
			);
			runOnlyForDeploymentPostprocessing = 0;
			shellPath = /bin/sh;
			shellScript = "\"${SRCROOT}/Pods/Target Support Files/Pods-WalkLive/Pods-WalkLive-frameworks.sh\"\n";
			showEnvVarsInLog = 0;
		};
		DBDCDA99E2F003653378E3E0 /* [CP] Copy Pods Resources */ = {
			isa = PBXShellScriptBuildPhase;
			buildActionMask = 2147483647;
			files = (
			);
			inputPaths = (
			);
			name = "[CP] Copy Pods Resources";
			outputPaths = (
			);
			runOnlyForDeploymentPostprocessing = 0;
			shellPath = /bin/sh;
			shellScript = "\"${SRCROOT}/Pods/Target Support Files/Pods-WalkLiveTests/Pods-WalkLiveTests-resources.sh\"\n";
			showEnvVarsInLog = 0;
		};
		F95D838F8941ADB767660011 /* [CP] Embed Pods Frameworks */ = {
			isa = PBXShellScriptBuildPhase;
			buildActionMask = 2147483647;
			files = (
			);
			inputPaths = (
			);
			name = "[CP] Embed Pods Frameworks";
			outputPaths = (
			);
			runOnlyForDeploymentPostprocessing = 0;
			shellPath = /bin/sh;
			shellScript = "\"${SRCROOT}/Pods/Target Support Files/Pods-WalkLiveTests/Pods-WalkLiveTests-frameworks.sh\"\n";
			showEnvVarsInLog = 0;
		};
/* End PBXShellScriptBuildPhase section */

/* Begin PBXSourcesBuildPhase section */
		904B04BC1FD688D700EEB523 /* Sources */ = {
			isa = PBXSourcesBuildPhase;
			buildActionMask = 2147483647;
			files = (
				9015A2AF1FDCB88D0080B4D3 /* AddFriendView.swift in Sources */,
				904B05181FD689B300EEB523 /* DefaultVC.swift in Sources */,
				904B04C41FD688D700EEB523 /* AppDelegate.swift in Sources */,
				904B05361FD68D1D00EEB523 /* FriendTripTableViewCell.swift in Sources */,
				904B05041FD689A300EEB523 /* RoadRequester.swift in Sources */,
				904B05061FD689A300EEB523 /* TimeManager.swift in Sources */,
				9015A2BD1FDDCC7D0080B4D3 /* SetFriendTableViewCell.swift in Sources */,
				904B05081FD689A300EEB523 /* Trip.swift in Sources */,
				904B05351FD68D1D00EEB523 /* FriendRequestTableViewCell.swift in Sources */,
				8C56F6811FD795D600D1017F /* BackendError.swift in Sources */,
				904B05381FD68D1D00EEB523 /* TripRequestTableViewCell.swift in Sources */,
				904B05211FD689B300EEB523 /* UserVC.swift in Sources */,
				904B051F1FD689B300EEB523 /* SignUpVC.swift in Sources */,
				9015A2B51FDDBEB00080B4D3 /* FriendTrackTableViewCell.swift in Sources */,
				904B051C1FD689B300EEB523 /* MainMapVC.swift in Sources */,
				904B05401FD77A8D00EEB523 /* TripRequest.swift in Sources */,
				8CB2D94C1FD87D3100E659FD /* UserLogin.swift in Sources */,
				904B052A1FD689D000EEB523 /* RouteDelegate.swift in Sources */,
				9015A2B11FDCC35A0080B4D3 /* WarningSignView.swift in Sources */,
				904B05071FD689A300EEB523 /* TimePoint.swift in Sources */,
				9015A2B91FDDC7860080B4D3 /* SetFriendVC.swift in Sources */,
				904B053E1FD77A7B00EEB523 /* FriendRequest.swift in Sources */,
				904B05021FD689A300EEB523 /* ContactManager.swift in Sources */,
				9015A2B31FDCE4140080B4D3 /* FriendTrackVC.swift in Sources */,
				8C7637011FDC88DD00276DEE /* SettingsVC.swift in Sources */,
				904B051A1FD689B300EEB523 /* FriendRequestVC.swift in Sources */,
				904B053A1FD68D3400EEB523 /* Service.swift in Sources */,
				904B05421FD8916900EEB523 /* EmergencyContact.swift in Sources */,
				904B05051FD689A300EEB523 /* Route.swift in Sources */,
				904B05031FD689A300EEB523 /* Location.swift in Sources */,
				904B05251FD689BA00EEB523 /* OnGoingTripView.swift in Sources */,
				904B05091FD689A300EEB523 /* User.swift in Sources */,
				904B05201FD689B300EEB523 /* TripRequestVC.swift in Sources */,
				904B05191FD689B300EEB523 /* FirstViewVC.swift in Sources */,
				8CC299141FDA273C00C9F2A5 /* Message.swift in Sources */,
				9015A2BF1FDDD11C0080B4D3 /* StringBuilder.swift in Sources */,
				8CC299121FDA244900C9F2A5 /* MessageVC.swift in Sources */,
				904B05371FD68D1D00EEB523 /* LocationTableViewCell.swift in Sources */,
				904B052B1FD689D000EEB523 /* TripPanelDelegate.swift in Sources */,
				904B053C1FD77A5A00EEB523 /* RequestUpdater.swift in Sources */,
				904B052F1FD689F500EEB523 /* NSObject+test.m in Sources */,
				9015A2BB1FDDC9CD0080B4D3 /* Friend.swift in Sources */,
				904B05011FD689A300EEB523 /* BackEndClient.swift in Sources */,
				904B051D1FD689B300EEB523 /* SearchVC.swift in Sources */,
				904B051B1FD689B300EEB523 /* LoginVC.swift in Sources */,
			);
			runOnlyForDeploymentPostprocessing = 0;
		};
		904B04D01FD688D700EEB523 /* Sources */ = {
			isa = PBXSourcesBuildPhase;
			buildActionMask = 2147483647;
			files = (
				904B04D91FD688D700EEB523 /* WalkLiveTests.swift in Sources */,
			);
			runOnlyForDeploymentPostprocessing = 0;
		};
		904B04DB1FD688D700EEB523 /* Sources */ = {
			isa = PBXSourcesBuildPhase;
			buildActionMask = 2147483647;
			files = (
				904B04E41FD688D700EEB523 /* WalkLiveUITests.swift in Sources */,
			);
			runOnlyForDeploymentPostprocessing = 0;
		};
/* End PBXSourcesBuildPhase section */

/* Begin PBXTargetDependency section */
		904B04D61FD688D700EEB523 /* PBXTargetDependency */ = {
			isa = PBXTargetDependency;
			target = 904B04BF1FD688D700EEB523 /* WalkLive */;
			targetProxy = 904B04D51FD688D700EEB523 /* PBXContainerItemProxy */;
		};
		904B04E11FD688D700EEB523 /* PBXTargetDependency */ = {
			isa = PBXTargetDependency;
			target = 904B04BF1FD688D700EEB523 /* WalkLive */;
			targetProxy = 904B04E01FD688D700EEB523 /* PBXContainerItemProxy */;
		};
/* End PBXTargetDependency section */

/* Begin PBXVariantGroup section */
		904B04C71FD688D700EEB523 /* Main.storyboard */ = {
			isa = PBXVariantGroup;
			children = (
				904B04C81FD688D700EEB523 /* Base */,
			);
			name = Main.storyboard;
			sourceTree = "<group>";
		};
		904B04CC1FD688D700EEB523 /* LaunchScreen.storyboard */ = {
			isa = PBXVariantGroup;
			children = (
				904B04CD1FD688D700EEB523 /* Base */,
			);
			name = LaunchScreen.storyboard;
			sourceTree = "<group>";
		};
/* End PBXVariantGroup section */

/* Begin XCBuildConfiguration section */
		904B04E61FD688D700EEB523 /* Debug */ = {
			isa = XCBuildConfiguration;
			buildSettings = {
				ALWAYS_SEARCH_USER_PATHS = NO;
				CLANG_ANALYZER_NONNULL = YES;
				CLANG_ANALYZER_NUMBER_OBJECT_CONVERSION = YES_AGGRESSIVE;
				CLANG_CXX_LANGUAGE_STANDARD = "gnu++14";
				CLANG_CXX_LIBRARY = "libc++";
				CLANG_ENABLE_MODULES = YES;
				CLANG_ENABLE_OBJC_ARC = YES;
				CLANG_WARN_BLOCK_CAPTURE_AUTORELEASING = YES;
				CLANG_WARN_BOOL_CONVERSION = YES;
				CLANG_WARN_COMMA = YES;
				CLANG_WARN_CONSTANT_CONVERSION = YES;
				CLANG_WARN_DIRECT_OBJC_ISA_USAGE = YES_ERROR;
				CLANG_WARN_DOCUMENTATION_COMMENTS = YES;
				CLANG_WARN_EMPTY_BODY = YES;
				CLANG_WARN_ENUM_CONVERSION = YES;
				CLANG_WARN_INFINITE_RECURSION = YES;
				CLANG_WARN_INT_CONVERSION = YES;
				CLANG_WARN_NON_LITERAL_NULL_CONVERSION = YES;
				CLANG_WARN_OBJC_LITERAL_CONVERSION = YES;
				CLANG_WARN_OBJC_ROOT_CLASS = YES_ERROR;
				CLANG_WARN_RANGE_LOOP_ANALYSIS = YES;
				CLANG_WARN_STRICT_PROTOTYPES = YES;
				CLANG_WARN_SUSPICIOUS_MOVE = YES;
				CLANG_WARN_UNGUARDED_AVAILABILITY = YES_AGGRESSIVE;
				CLANG_WARN_UNREACHABLE_CODE = YES;
				CLANG_WARN__DUPLICATE_METHOD_MATCH = YES;
				CODE_SIGN_IDENTITY = "iPhone Developer";
				COPY_PHASE_STRIP = NO;
				DEBUG_INFORMATION_FORMAT = dwarf;
				ENABLE_STRICT_OBJC_MSGSEND = YES;
				ENABLE_TESTABILITY = YES;
				GCC_C_LANGUAGE_STANDARD = gnu11;
				GCC_DYNAMIC_NO_PIC = NO;
				GCC_NO_COMMON_BLOCKS = YES;
				GCC_OPTIMIZATION_LEVEL = 0;
				GCC_PREPROCESSOR_DEFINITIONS = (
					"DEBUG=1",
					"$(inherited)",
				);
				GCC_WARN_64_TO_32_BIT_CONVERSION = YES;
				GCC_WARN_ABOUT_RETURN_TYPE = YES_ERROR;
				GCC_WARN_UNDECLARED_SELECTOR = YES;
				GCC_WARN_UNINITIALIZED_AUTOS = YES_AGGRESSIVE;
				GCC_WARN_UNUSED_FUNCTION = YES;
				GCC_WARN_UNUSED_VARIABLE = YES;
				IPHONEOS_DEPLOYMENT_TARGET = 11.1;
				MTL_ENABLE_DEBUG_INFO = YES;
				ONLY_ACTIVE_ARCH = YES;
				SDKROOT = iphoneos;
				SWIFT_ACTIVE_COMPILATION_CONDITIONS = DEBUG;
				SWIFT_OPTIMIZATION_LEVEL = "-Onone";
			};
			name = Debug;
		};
		904B04E71FD688D700EEB523 /* Release */ = {
			isa = XCBuildConfiguration;
			buildSettings = {
				ALWAYS_SEARCH_USER_PATHS = NO;
				CLANG_ANALYZER_NONNULL = YES;
				CLANG_ANALYZER_NUMBER_OBJECT_CONVERSION = YES_AGGRESSIVE;
				CLANG_CXX_LANGUAGE_STANDARD = "gnu++14";
				CLANG_CXX_LIBRARY = "libc++";
				CLANG_ENABLE_MODULES = YES;
				CLANG_ENABLE_OBJC_ARC = YES;
				CLANG_WARN_BLOCK_CAPTURE_AUTORELEASING = YES;
				CLANG_WARN_BOOL_CONVERSION = YES;
				CLANG_WARN_COMMA = YES;
				CLANG_WARN_CONSTANT_CONVERSION = YES;
				CLANG_WARN_DIRECT_OBJC_ISA_USAGE = YES_ERROR;
				CLANG_WARN_DOCUMENTATION_COMMENTS = YES;
				CLANG_WARN_EMPTY_BODY = YES;
				CLANG_WARN_ENUM_CONVERSION = YES;
				CLANG_WARN_INFINITE_RECURSION = YES;
				CLANG_WARN_INT_CONVERSION = YES;
				CLANG_WARN_NON_LITERAL_NULL_CONVERSION = YES;
				CLANG_WARN_OBJC_LITERAL_CONVERSION = YES;
				CLANG_WARN_OBJC_ROOT_CLASS = YES_ERROR;
				CLANG_WARN_RANGE_LOOP_ANALYSIS = YES;
				CLANG_WARN_STRICT_PROTOTYPES = YES;
				CLANG_WARN_SUSPICIOUS_MOVE = YES;
				CLANG_WARN_UNGUARDED_AVAILABILITY = YES_AGGRESSIVE;
				CLANG_WARN_UNREACHABLE_CODE = YES;
				CLANG_WARN__DUPLICATE_METHOD_MATCH = YES;
				CODE_SIGN_IDENTITY = "iPhone Developer";
				COPY_PHASE_STRIP = NO;
				DEBUG_INFORMATION_FORMAT = "dwarf-with-dsym";
				ENABLE_NS_ASSERTIONS = NO;
				ENABLE_STRICT_OBJC_MSGSEND = YES;
				GCC_C_LANGUAGE_STANDARD = gnu11;
				GCC_NO_COMMON_BLOCKS = YES;
				GCC_WARN_64_TO_32_BIT_CONVERSION = YES;
				GCC_WARN_ABOUT_RETURN_TYPE = YES_ERROR;
				GCC_WARN_UNDECLARED_SELECTOR = YES;
				GCC_WARN_UNINITIALIZED_AUTOS = YES_AGGRESSIVE;
				GCC_WARN_UNUSED_FUNCTION = YES;
				GCC_WARN_UNUSED_VARIABLE = YES;
				IPHONEOS_DEPLOYMENT_TARGET = 11.1;
				MTL_ENABLE_DEBUG_INFO = NO;
				SDKROOT = iphoneos;
				SWIFT_OPTIMIZATION_LEVEL = "-Owholemodule";
				VALIDATE_PRODUCT = YES;
			};
			name = Release;
		};
		904B04E91FD688D700EEB523 /* Debug */ = {
			isa = XCBuildConfiguration;
			baseConfigurationReference = 61026C572F4BCE2D84566271 /* Pods-WalkLive.debug.xcconfig */;
			buildSettings = {
				CLANG_ENABLE_MODULES = YES;
				CODE_SIGN_STYLE = Automatic;
				DEVELOPMENT_TEAM = 4KDNX7UPEV;
				INFOPLIST_FILE = WalkLive/Info.plist;
				LD_RUNPATH_SEARCH_PATHS = "$(inherited) @executable_path/Frameworks";
				PRODUCT_BUNDLE_IDENTIFIER = WalkLive01;
				PRODUCT_NAME = "$(TARGET_NAME)";
				SWIFT_OBJC_BRIDGING_HEADER = "WalkLive/WalkLive-Bridging-Header.h";
				SWIFT_OPTIMIZATION_LEVEL = "-Onone";
				SWIFT_VERSION = 4.0;
				TARGETED_DEVICE_FAMILY = "1,2";
			};
			name = Debug;
		};
		904B04EA1FD688D700EEB523 /* Release */ = {
			isa = XCBuildConfiguration;
			baseConfigurationReference = C3C7D19D604FC6ACF258E3ED /* Pods-WalkLive.release.xcconfig */;
			buildSettings = {
				CLANG_ENABLE_MODULES = YES;
				CODE_SIGN_STYLE = Automatic;
				DEVELOPMENT_TEAM = 4KDNX7UPEV;
				INFOPLIST_FILE = WalkLive/Info.plist;
				LD_RUNPATH_SEARCH_PATHS = "$(inherited) @executable_path/Frameworks";
				PRODUCT_BUNDLE_IDENTIFIER = WalkLive01;
				PRODUCT_NAME = "$(TARGET_NAME)";
				SWIFT_OBJC_BRIDGING_HEADER = "WalkLive/WalkLive-Bridging-Header.h";
				SWIFT_VERSION = 4.0;
				TARGETED_DEVICE_FAMILY = "1,2";
			};
			name = Release;
		};
		904B04EC1FD688D700EEB523 /* Debug */ = {
			isa = XCBuildConfiguration;
			baseConfigurationReference = C5D768EC243DDAC103DFBE8B /* Pods-WalkLiveTests.debug.xcconfig */;
			buildSettings = {
				ALWAYS_EMBED_SWIFT_STANDARD_LIBRARIES = YES;
				BUNDLE_LOADER = "$(TEST_HOST)";
				CODE_SIGN_STYLE = Automatic;
				DEVELOPMENT_TEAM = 4KDNX7UPEV;
				INFOPLIST_FILE = WalkLiveTests/Info.plist;
				LD_RUNPATH_SEARCH_PATHS = "$(inherited) @executable_path/Frameworks @loader_path/Frameworks";
				PRODUCT_BUNDLE_IDENTIFIER = "OOSE-TEAM14.WalkLiveTests";
				PRODUCT_NAME = "$(TARGET_NAME)";
				SWIFT_VERSION = 4.0;
				TARGETED_DEVICE_FAMILY = "1,2";
				TEST_HOST = "$(BUILT_PRODUCTS_DIR)/WalkLive.app/WalkLive";
			};
			name = Debug;
		};
		904B04ED1FD688D700EEB523 /* Release */ = {
			isa = XCBuildConfiguration;
			baseConfigurationReference = D1266AF0EC7612F7AB7C0271 /* Pods-WalkLiveTests.release.xcconfig */;
			buildSettings = {
				ALWAYS_EMBED_SWIFT_STANDARD_LIBRARIES = YES;
				BUNDLE_LOADER = "$(TEST_HOST)";
				CODE_SIGN_STYLE = Automatic;
				DEVELOPMENT_TEAM = 4KDNX7UPEV;
				INFOPLIST_FILE = WalkLiveTests/Info.plist;
				LD_RUNPATH_SEARCH_PATHS = "$(inherited) @executable_path/Frameworks @loader_path/Frameworks";
				PRODUCT_BUNDLE_IDENTIFIER = "OOSE-TEAM14.WalkLiveTests";
				PRODUCT_NAME = "$(TARGET_NAME)";
				SWIFT_VERSION = 4.0;
				TARGETED_DEVICE_FAMILY = "1,2";
				TEST_HOST = "$(BUILT_PRODUCTS_DIR)/WalkLive.app/WalkLive";
			};
			name = Release;
		};
		904B04EF1FD688D700EEB523 /* Debug */ = {
			isa = XCBuildConfiguration;
			baseConfigurationReference = 4A467C921A08E9F56C416776 /* Pods-WalkLiveUITests.debug.xcconfig */;
			buildSettings = {
				ALWAYS_EMBED_SWIFT_STANDARD_LIBRARIES = YES;
				CODE_SIGN_STYLE = Automatic;
				DEVELOPMENT_TEAM = 4KDNX7UPEV;
				INFOPLIST_FILE = WalkLiveUITests/Info.plist;
				LD_RUNPATH_SEARCH_PATHS = "$(inherited) @executable_path/Frameworks @loader_path/Frameworks";
				PRODUCT_BUNDLE_IDENTIFIER = "OOSE-TEAM14.WalkLiveUITests";
				PRODUCT_NAME = "$(TARGET_NAME)";
				SWIFT_VERSION = 4.0;
				TARGETED_DEVICE_FAMILY = "1,2";
				TEST_TARGET_NAME = WalkLive;
			};
			name = Debug;
		};
		904B04F01FD688D700EEB523 /* Release */ = {
			isa = XCBuildConfiguration;
			baseConfigurationReference = 9127724929693C9E22230147 /* Pods-WalkLiveUITests.release.xcconfig */;
			buildSettings = {
				ALWAYS_EMBED_SWIFT_STANDARD_LIBRARIES = YES;
				CODE_SIGN_STYLE = Automatic;
				DEVELOPMENT_TEAM = 4KDNX7UPEV;
				INFOPLIST_FILE = WalkLiveUITests/Info.plist;
				LD_RUNPATH_SEARCH_PATHS = "$(inherited) @executable_path/Frameworks @loader_path/Frameworks";
				PRODUCT_BUNDLE_IDENTIFIER = "OOSE-TEAM14.WalkLiveUITests";
				PRODUCT_NAME = "$(TARGET_NAME)";
				SWIFT_VERSION = 4.0;
				TARGETED_DEVICE_FAMILY = "1,2";
				TEST_TARGET_NAME = WalkLive;
			};
			name = Release;
		};
/* End XCBuildConfiguration section */

/* Begin XCConfigurationList section */
		904B04BB1FD688D700EEB523 /* Build configuration list for PBXProject "WalkLive" */ = {
			isa = XCConfigurationList;
			buildConfigurations = (
				904B04E61FD688D700EEB523 /* Debug */,
				904B04E71FD688D700EEB523 /* Release */,
			);
			defaultConfigurationIsVisible = 0;
			defaultConfigurationName = Release;
		};
		904B04E81FD688D700EEB523 /* Build configuration list for PBXNativeTarget "WalkLive" */ = {
			isa = XCConfigurationList;
			buildConfigurations = (
				904B04E91FD688D700EEB523 /* Debug */,
				904B04EA1FD688D700EEB523 /* Release */,
			);
			defaultConfigurationIsVisible = 0;
			defaultConfigurationName = Release;
		};
		904B04EB1FD688D700EEB523 /* Build configuration list for PBXNativeTarget "WalkLiveTests" */ = {
			isa = XCConfigurationList;
			buildConfigurations = (
				904B04EC1FD688D700EEB523 /* Debug */,
				904B04ED1FD688D700EEB523 /* Release */,
			);
			defaultConfigurationIsVisible = 0;
			defaultConfigurationName = Release;
		};
		904B04EE1FD688D700EEB523 /* Build configuration list for PBXNativeTarget "WalkLiveUITests" */ = {
			isa = XCConfigurationList;
			buildConfigurations = (
				904B04EF1FD688D700EEB523 /* Debug */,
				904B04F01FD688D700EEB523 /* Release */,
			);
			defaultConfigurationIsVisible = 0;
			defaultConfigurationName = Release;
		};
/* End XCConfigurationList section */
	};
	rootObject = 904B04B81FD688D700EEB523 /* Project object */;
}
